// !$*UTF8*$!
{
	archiveVersion = 1;
	classes = {
	};
	objectVersion = 56;
	objects = {

/* Begin PBXBuildFile section */
		442A9EDA2983BB0D00395D9A /* JaponExeApp.swift in Sources */ = {isa = PBXBuildFile; fileRef = 442A9ED92983BB0D00395D9A /* JaponExeApp.swift */; };
		442A9EDC2983BB0D00395D9A /* ContentView.swift in Sources */ = {isa = PBXBuildFile; fileRef = 442A9EDB2983BB0D00395D9A /* ContentView.swift */; };
		442A9EDE2983BB0F00395D9A /* Assets.xcassets in Resources */ = {isa = PBXBuildFile; fileRef = 442A9EDD2983BB0F00395D9A /* Assets.xcassets */; };
		442A9EE12983BB0F00395D9A /* Preview Assets.xcassets in Resources */ = {isa = PBXBuildFile; fileRef = 442A9EE02983BB0F00395D9A /* Preview Assets.xcassets */; };
		442A9EEB2983C94300395D9A /* tokyo.MOV in Resources */ = {isa = PBXBuildFile; fileRef = 442A9EEA2983C94300395D9A /* tokyo.MOV */; };
		442A9EED2983C9AF00395D9A /* LoopingPlayer.swift in Sources */ = {isa = PBXBuildFile; fileRef = 442A9EEC2983C9AF00395D9A /* LoopingPlayer.swift */; };
		442A9EEF2983D3A600395D9A /* kyoto.MOV in Resources */ = {isa = PBXBuildFile; fileRef = 442A9EEE2983D3A600395D9A /* kyoto.MOV */; };
		442A9EF12983D66600395D9A /* Card.swift in Sources */ = {isa = PBXBuildFile; fileRef = 442A9EF02983D66600395D9A /* Card.swift */; };
/* End PBXBuildFile section */

/* Begin PBXFileReference section */
		442A9ED62983BB0D00395D9A /* JaponExe.app */ = {isa = PBXFileReference; explicitFileType = wrapper.application; includeInIndex = 0; path = JaponExe.app; sourceTree = BUILT_PRODUCTS_DIR; };
		442A9ED92983BB0D00395D9A /* JaponExeApp.swift */ = {isa = PBXFileReference; lastKnownFileType = sourcecode.swift; path = JaponExeApp.swift; sourceTree = "<group>"; };
		442A9EDB2983BB0D00395D9A /* ContentView.swift */ = {isa = PBXFileReference; lastKnownFileType = sourcecode.swift; path = ContentView.swift; sourceTree = "<group>"; };
		442A9EDD2983BB0F00395D9A /* Assets.xcassets */ = {isa = PBXFileReference; lastKnownFileType = folder.assetcatalog; path = Assets.xcassets; sourceTree = "<group>"; };
		442A9EE02983BB0F00395D9A /* Preview Assets.xcassets */ = {isa = PBXFileReference; lastKnownFileType = folder.assetcatalog; path = "Preview Assets.xcassets"; sourceTree = "<group>"; };
		442A9EEA2983C94300395D9A /* tokyo.MOV */ = {isa = PBXFileReference; lastKnownFileType = video.quicktime; path = tokyo.MOV; sourceTree = "<group>"; };
		442A9EEC2983C9AF00395D9A /* LoopingPlayer.swift */ = {isa = PBXFileReference; lastKnownFileType = sourcecode.swift; path = LoopingPlayer.swift; sourceTree = "<group>"; };
		442A9EEE2983D3A600395D9A /* kyoto.MOV */ = {isa = PBXFileReference; lastKnownFileType = video.quicktime; path = kyoto.MOV; sourceTree = "<group>"; };
		442A9EF02983D66600395D9A /* Card.swift */ = {isa = PBXFileReference; lastKnownFileType = sourcecode.swift; path = Card.swift; sourceTree = "<group>"; };
/* End PBXFileReference section */

/* Begin PBXFrameworksBuildPhase section */
		442A9ED32983BB0D00395D9A /* Frameworks */ = {
			isa = PBXFrameworksBuildPhase;
			buildActionMask = 2147483647;
			files = (
			);
			runOnlyForDeploymentPostprocessing = 0;
		};
/* End PBXFrameworksBuildPhase section */

/* Begin PBXGroup section */
		442A9ECD2983BB0D00395D9A = {
			isa = PBXGroup;
			children = (
				442A9ED82983BB0D00395D9A /* JaponExe */,
				442A9ED72983BB0D00395D9A /* Products */,
			);
			sourceTree = "<group>";
		};
		442A9ED72983BB0D00395D9A /* Products */ = {
			isa = PBXGroup;
			children = (
				442A9ED62983BB0D00395D9A /* JaponExe.app */,
			);
			name = Products;
			sourceTree = "<group>";
		};
		442A9ED82983BB0D00395D9A /* JaponExe */ = {
			isa = PBXGroup;
			children = (
				442A9EE92983C92500395D9A /* VideoAssets */,
				442A9EDB2983BB0D00395D9A /* ContentView.swift */,
				442A9EEC2983C9AF00395D9A /* LoopingPlayer.swift */,
				442A9ED92983BB0D00395D9A /* JaponExeApp.swift */,
				442A9EF02983D66600395D9A /* Card.swift */,
				442A9EDD2983BB0F00395D9A /* Assets.xcassets */,
				442A9EDF2983BB0F00395D9A /* Preview Content */,
			);
			path = JaponExe;
			sourceTree = "<group>";
		};
		442A9EDF2983BB0F00395D9A /* Preview Content */ = {
			isa = PBXGroup;
			children = (
				442A9EE02983BB0F00395D9A /* Preview Assets.xcassets */,
			);
			path = "Preview Content";
			sourceTree = "<group>";
		};
		442A9EE92983C92500395D9A /* VideoAssets */ = {
			isa = PBXGroup;
			children = (
				442A9EEE2983D3A600395D9A /* kyoto.MOV */,
				442A9EEA2983C94300395D9A /* tokyo.MOV */,
			);
			path = VideoAssets;
			sourceTree = "<group>";
		};
/* End PBXGroup section */

/* Begin PBXNativeTarget section */
		442A9ED52983BB0D00395D9A /* JaponExe */ = {
			isa = PBXNativeTarget;
			buildConfigurationList = 442A9EE42983BB0F00395D9A /* Build configuration list for PBXNativeTarget "JaponExe" */;
			buildPhases = (
				442A9ED22983BB0D00395D9A /* Sources */,
				442A9ED32983BB0D00395D9A /* Frameworks */,
				442A9ED42983BB0D00395D9A /* Resources */,
			);
			buildRules = (
			);
			dependencies = (
			);
			name = JaponExe;
			productName = JaponExe;
			productReference = 442A9ED62983BB0D00395D9A /* JaponExe.app */;
			productType = "com.apple.product-type.application";
		};
/* End PBXNativeTarget section */

/* Begin PBXProject section */
		442A9ECE2983BB0D00395D9A /* Project object */ = {
			isa = PBXProject;
			attributes = {
				BuildIndependentTargetsInParallel = 1;
				LastSwiftUpdateCheck = 1420;
				LastUpgradeCheck = 1420;
				TargetAttributes = {
					442A9ED52983BB0D00395D9A = {
						CreatedOnToolsVersion = 14.2;
					};
				};
			};
			buildConfigurationList = 442A9ED12983BB0D00395D9A /* Build configuration list for PBXProject "JaponExe" */;
			compatibilityVersion = "Xcode 14.0";
			developmentRegion = en;
			hasScannedForEncodings = 0;
			knownRegions = (
				en,
				Base,
			);
			mainGroup = 442A9ECD2983BB0D00395D9A;
			productRefGroup = 442A9ED72983BB0D00395D9A /* Products */;
			projectDirPath = "";
			projectRoot = "";
			targets = (
				442A9ED52983BB0D00395D9A /* JaponExe */,
			);
		};
/* End PBXProject section */

/* Begin PBXResourcesBuildPhase section */
		442A9ED42983BB0D00395D9A /* Resources */ = {
			isa = PBXResourcesBuildPhase;
			buildActionMask = 2147483647;
			files = (
				442A9EE12983BB0F00395D9A /* Preview Assets.xcassets in Resources */,
				442A9EDE2983BB0F00395D9A /* Assets.xcassets in Resources */,
				442A9EEB2983C94300395D9A /* tokyo.MOV in Resources */,
				442A9EEF2983D3A600395D9A /* kyoto.MOV in Resources */,
			);
			runOnlyForDeploymentPostprocessing = 0;
		};
/* End PBXResourcesBuildPhase section */

/* Begin PBXSourcesBuildPhase section */
		442A9ED22983BB0D00395D9A /* Sources */ = {
			isa = PBXSourcesBuildPhase;
			buildActionMask = 2147483647;
			files = (
				442A9EDC2983BB0D00395D9A /* ContentView.swift in Sources */,
				442A9EDA2983BB0D00395D9A /* JaponExeApp.swift in Sources */,
				442A9EED2983C9AF00395D9A /* LoopingPlayer.swift in Sources */,
				442A9EF12983D66600395D9A /* Card.swift in Sources */,
			);
			runOnlyForDeploymentPostprocessing = 0;
		};
/* End PBXSourcesBuildPhase section */

/* Begin XCBuildConfiguration section */
		442A9EE22983BB0F00395D9A /* Debug */ = {
			isa = XCBuildConfiguration;
			buildSettings = {
				ALWAYS_SEARCH_USER_PATHS = NO;
				CLANG_ANALYZER_NONNULL = YES;
				CLANG_ANALYZER_NUMBER_OBJECT_CONVERSION = YES_AGGRESSIVE;
				CLANG_CXX_LANGUAGE_STANDARD = "gnu++20";
				CLANG_ENABLE_MODULES = YES;
				CLANG_ENABLE_OBJC_ARC = YES;
				CLANG_ENABLE_OBJC_WEAK = YES;
				CLANG_WARN_BLOCK_CAPTURE_AUTORELEASING = YES;
				CLANG_WARN_BOOL_CONVERSION = YES;
				CLANG_WARN_COMMA = YES;
				CLANG_WARN_CONSTANT_CONVERSION = YES;
				CLANG_WARN_DEPRECATED_OBJC_IMPLEMENTATIONS = YES;
				CLANG_WARN_DIRECT_OBJC_ISA_USAGE = YES_ERROR;
				CLANG_WARN_DOCUMENTATION_COMMENTS = YES;
				CLANG_WARN_EMPTY_BODY = YES;
				CLANG_WARN_ENUM_CONVERSION = YES;
				CLANG_WARN_INFINITE_RECURSION = YES;
				CLANG_WARN_INT_CONVERSION = YES;
				CLANG_WARN_NON_LITERAL_NULL_CONVERSION = YES;
				CLANG_WARN_OBJC_IMPLICIT_RETAIN_SELF = YES;
				CLANG_WARN_OBJC_LITERAL_CONVERSION = YES;
				CLANG_WARN_OBJC_ROOT_CLASS = YES_ERROR;
				CLANG_WARN_QUOTED_INCLUDE_IN_FRAMEWORK_HEADER = YES;
				CLANG_WARN_RANGE_LOOP_ANALYSIS = YES;
				CLANG_WARN_STRICT_PROTOTYPES = YES;
				CLANG_WARN_SUSPICIOUS_MOVE = YES;
				CLANG_WARN_UNGUARDED_AVAILABILITY = YES_AGGRESSIVE;
				CLANG_WARN_UNREACHABLE_CODE = YES;
				CLANG_WARN__DUPLICATE_METHOD_MATCH = YES;
				COPY_PHASE_STRIP = NO;
				DEBUG_INFORMATION_FORMAT = dwarf;
				ENABLE_STRICT_OBJC_MSGSEND = YES;
				ENABLE_TESTABILITY = YES;
				GCC_C_LANGUAGE_STANDARD = gnu11;
				GCC_DYNAMIC_NO_PIC = NO;
				GCC_NO_COMMON_BLOCKS = YES;
				GCC_OPTIMIZATION_LEVEL = 0;
				GCC_PREPROCESSOR_DEFINITIONS = (
					"DEBUG=1",
					"$(inherited)",
				);
				GCC_WARN_64_TO_32_BIT_CONVERSION = YES;
				GCC_WARN_ABOUT_RETURN_TYPE = YES_ERROR;
				GCC_WARN_UNDECLARED_SELECTOR = YES;
				GCC_WARN_UNINITIALIZED_AUTOS = YES_AGGRESSIVE;
				GCC_WARN_UNUSED_FUNCTION = YES;
				GCC_WARN_UNUSED_VARIABLE = YES;
				IPHONEOS_DEPLOYMENT_TARGET = 16.2;
				MTL_ENABLE_DEBUG_INFO = INCLUDE_SOURCE;
				MTL_FAST_MATH = YES;
				ONLY_ACTIVE_ARCH = YES;
				SDKROOT = iphoneos;
				SWIFT_ACTIVE_COMPILATION_CONDITIONS = DEBUG;
				SWIFT_OPTIMIZATION_LEVEL = "-Onone";
			};
			name = Debug;
		};
		442A9EE32983BB0F00395D9A /* Release */ = {
			isa = XCBuildConfiguration;
			buildSettings = {
				ALWAYS_SEARCH_USER_PATHS = NO;
				CLANG_ANALYZER_NONNULL = YES;
				CLANG_ANALYZER_NUMBER_OBJECT_CONVERSION = YES_AGGRESSIVE;
				CLANG_CXX_LANGUAGE_STANDARD = "gnu++20";
				CLANG_ENABLE_MODULES = YES;
				CLANG_ENABLE_OBJC_ARC = YES;
				CLANG_ENABLE_OBJC_WEAK = YES;
				CLANG_WARN_BLOCK_CAPTURE_AUTORELEASING = YES;
				CLANG_WARN_BOOL_CONVERSION = YES;
				CLANG_WARN_COMMA = YES;
				CLANG_WARN_CONSTANT_CONVERSION = YES;
				CLANG_WARN_DEPRECATED_OBJC_IMPLEMENTATIONS = YES;
				CLANG_WARN_DIRECT_OBJC_ISA_USAGE = YES_ERROR;
				CLANG_WARN_DOCUMENTATION_COMMENTS = YES;
				CLANG_WARN_EMPTY_BODY = YES;
				CLANG_WARN_ENUM_CONVERSION = YES;
				CLANG_WARN_INFINITE_RECURSION = YES;
				CLANG_WARN_INT_CONVERSION = YES;
				CLANG_WARN_NON_LITERAL_NULL_CONVERSION = YES;
				CLANG_WARN_OBJC_IMPLICIT_RETAIN_SELF = YES;
				CLANG_WARN_OBJC_LITERAL_CONVERSION = YES;
				CLANG_WARN_OBJC_ROOT_CLASS = YES_ERROR;
				CLANG_WARN_QUOTED_INCLUDE_IN_FRAMEWORK_HEADER = YES;
				CLANG_WARN_RANGE_LOOP_ANALYSIS = YES;
				CLANG_WARN_STRICT_PROTOTYPES = YES;
				CLANG_WARN_SUSPICIOUS_MOVE = YES;
				CLANG_WARN_UNGUARDED_AVAILABILITY = YES_AGGRESSIVE;
				CLANG_WARN_UNREACHABLE_CODE = YES;
				CLANG_WARN__DUPLICATE_METHOD_MATCH = YES;
				COPY_PHASE_STRIP = NO;
				DEBUG_INFORMATION_FORMAT = "dwarf-with-dsym";
				ENABLE_NS_ASSERTIONS = NO;
				ENABLE_STRICT_OBJC_MSGSEND = YES;
				GCC_C_LANGUAGE_STANDARD = gnu11;
				GCC_NO_COMMON_BLOCKS = YES;
				GCC_WARN_64_TO_32_BIT_CONVERSION = YES;
				GCC_WARN_ABOUT_RETURN_TYPE = YES_ERROR;
				GCC_WARN_UNDECLARED_SELECTOR = YES;
				GCC_WARN_UNINITIALIZED_AUTOS = YES_AGGRESSIVE;
				GCC_WARN_UNUSED_FUNCTION = YES;
				GCC_WARN_UNUSED_VARIABLE = YES;
				IPHONEOS_DEPLOYMENT_TARGET = 16.2;
				MTL_ENABLE_DEBUG_INFO = NO;
				MTL_FAST_MATH = YES;
				SDKROOT = iphoneos;
				SWIFT_COMPILATION_MODE = wholemodule;
				SWIFT_OPTIMIZATION_LEVEL = "-O";
				VALIDATE_PRODUCT = YES;
			};
			name = Release;
		};
		442A9EE52983BB0F00395D9A /* Debug */ = {
			isa = XCBuildConfiguration;
			buildSettings = {
				ASSETCATALOG_COMPILER_APPICON_NAME = AppIcon;
				ASSETCATALOG_COMPILER_GLOBAL_ACCENT_COLOR_NAME = AccentColor;
				CODE_SIGN_STYLE = Automatic;
				CURRENT_PROJECT_VERSION = 1;
				DEVELOPMENT_ASSET_PATHS = "\"JaponExe/Preview Content\"";
				DEVELOPMENT_TEAM = K46AS943RY;
				ENABLE_PREVIEWS = YES;
				GENERATE_INFOPLIST_FILE = YES;
				INFOPLIST_KEY_UIApplicationSceneManifest_Generation = YES;
				INFOPLIST_KEY_UIApplicationSupportsIndirectInputEvents = YES;
				INFOPLIST_KEY_UILaunchScreen_Generation = YES;
				INFOPLIST_KEY_UISupportedInterfaceOrientations_iPad = "UIInterfaceOrientationPortrait UIInterfaceOrientationPortraitUpsideDown UIInterfaceOrientationLandscapeLeft UIInterfaceOrientationLandscapeRight";
				INFOPLIST_KEY_UISupportedInterfaceOrientations_iPhone = "UIInterfaceOrientationPortrait UIInterfaceOrientationLandscapeLeft UIInterfaceOrientationLandscapeRight";
				LD_RUNPATH_SEARCH_PATHS = (
					"$(inherited)",
					"@executable_path/Frameworks",
				);
				MARKETING_VERSION = 1.0;
				PRODUCT_BUNDLE_IDENTIFIER = com.nd.JaponExe;
				PRODUCT_NAME = "$(TARGET_NAME)";
				SWIFT_EMIT_LOC_STRINGS = YES;
				SWIFT_VERSION = 5.0;
				TARGETED_DEVICE_FAMILY = "1,2";
			};
			name = Debug;
		};
		442A9EE62983BB0F00395D9A /* Release */ = {
			isa = XCBuildConfiguration;
			buildSettings = {
				ASSETCATALOG_COMPILER_APPICON_NAME = AppIcon;
				ASSETCATALOG_COMPILER_GLOBAL_ACCENT_COLOR_NAME = AccentColor;
				CODE_SIGN_STYLE = Automatic;
				CURRENT_PROJECT_VERSION = 1;
				DEVELOPMENT_ASSET_PATHS = "\"JaponExe/Preview Content\"";
				DEVELOPMENT_TEAM = K46AS943RY;
				ENABLE_PREVIEWS = YES;
				GENERATE_INFOPLIST_FILE = YES;
				INFOPLIST_KEY_UIApplicationSceneManifest_Generation = YES;
				INFOPLIST_KEY_UIApplicationSupportsIndirectInputEvents = YES;
				INFOPLIST_KEY_UILaunchScreen_Generation = YES;
				INFOPLIST_KEY_UISupportedInterfaceOrientations_iPad = "UIInterfaceOrientationPortrait UIInterfaceOrientationPortraitUpsideDown UIInterfaceOrientationLandscapeLeft UIInterfaceOrientationLandscapeRight";
				INFOPLIST_KEY_UISupportedInterfaceOrientations_iPhone = "UIInterfaceOrientationPortrait UIInterfaceOrientationLandscapeLeft UIInterfaceOrientationLandscapeRight";
				LD_RUNPATH_SEARCH_PATHS = (
					"$(inherited)",
					"@executable_path/Frameworks",
				);
				MARKETING_VERSION = 1.0;
				PRODUCT_BUNDLE_IDENTIFIER = com.nd.JaponExe;
				PRODUCT_NAME = "$(TARGET_NAME)";
				SWIFT_EMIT_LOC_STRINGS = YES;
				SWIFT_VERSION = 5.0;
				TARGETED_DEVICE_FAMILY = "1,2";
			};
			name = Release;
		};
/* End XCBuildConfiguration section */

/* Begin XCConfigurationList section */
		442A9ED12983BB0D00395D9A /* Build configuration list for PBXProject "JaponExe" */ = {
			isa = XCConfigurationList;
			buildConfigurations = (
				442A9EE22983BB0F00395D9A /* Debug */,
				442A9EE32983BB0F00395D9A /* Release */,
			);
			defaultConfigurationIsVisible = 0;
			defaultConfigurationName = Release;
		};
		442A9EE42983BB0F00395D9A /* Build configuration list for PBXNativeTarget "JaponExe" */ = {
			isa = XCConfigurationList;
			buildConfigurations = (
				442A9EE52983BB0F00395D9A /* Debug */,
				442A9EE62983BB0F00395D9A /* Release */,
			);
			defaultConfigurationIsVisible = 0;
			defaultConfigurationName = Release;
		};
/* End XCConfigurationList section */
	};
	rootObject = 442A9ECE2983BB0D00395D9A /* Project object */;
}
